// !$*UTF8*$!
{
	archiveVersion = 1;
	classes = {
	};
	objectVersion = 48;
	objects = {

/* Begin PBXBuildFile section */
		0F12A7071FBB4DAD00932780 /* IgnoreRules.swift in Sources */ = {isa = PBXBuildFile; fileRef = 0F12A7061FBB4DAD00932780 /* IgnoreRules.swift */; };
		0F4F119A1FA265E6005D6D4B /* Attest.framework in Frameworks */ = {isa = PBXBuildFile; fileRef = 0F4F11991FA265E6005D6D4B /* Attest.framework */; };
		0F4F119B1FA265E6005D6D4B /* Attest.framework in Embed Frameworks */ = {isa = PBXBuildFile; fileRef = 0F4F11991FA265E6005D6D4B /* Attest.framework */; settings = {ATTRIBUTES = (CodeSignOnCopy, RemoveHeadersOnCopy, ); }; };
		0F4F11A71FA2A437005D6D4B /* TypeAdjustingView.swift in Sources */ = {isa = PBXBuildFile; fileRef = 0F4F11A61FA2A437005D6D4B /* TypeAdjustingView.swift */; };
		0F5E4FAE1F9E84EB0054CB04 /* Main.storyboard in Resources */ = {isa = PBXBuildFile; fileRef = 0FCBDF081F9E6F120059DB83 /* Main.storyboard */; };
		0F5E4FAF1F9E85290054CB04 /* LaunchScreen.storyboard in Resources */ = {isa = PBXBuildFile; fileRef = 0FCBDF091F9E6F130059DB83 /* LaunchScreen.storyboard */; };
		0F5E4FB01F9E85290054CB04 /* AccessibilityHint.storyboard in Resources */ = {isa = PBXBuildFile; fileRef = 0FCBDED51F9E6ED90059DB83 /* AccessibilityHint.storyboard */; };
		0F5E4FB11F9E85290054CB04 /* ColorContrast.storyboard in Resources */ = {isa = PBXBuildFile; fileRef = 0FCBDEDC1F9E6ED90059DB83 /* ColorContrast.storyboard */; };
		0F5E4FB21F9E85290054CB04 /* ConflictingTraits.storyboard in Resources */ = {isa = PBXBuildFile; fileRef = 0FCBDEE01F9E6EDA0059DB83 /* ConflictingTraits.storyboard */; };
		0F5E4FB31F9E85290054CB04 /* Overlap.storyboard in Resources */ = {isa = PBXBuildFile; fileRef = 0FCBDEF51F9E6EDC0059DB83 /* Overlap.storyboard */; };
		0F5E4FB41F9E85290054CB04 /* DynamicType.storyboard in Resources */ = {isa = PBXBuildFile; fileRef = 0FCBDEF01F9E6EDC0059DB83 /* DynamicType.storyboard */; };
		0F5E4FB51F9E85290054CB04 /* InHighlight.storyboard in Resources */ = {isa = PBXBuildFile; fileRef = 0FCBDEE61F9E6EDA0059DB83 /* InHighlight.storyboard */; };
		0F5E4FB61F9E85290054CB04 /* NestedA11yElements.storyboard in Resources */ = {isa = PBXBuildFile; fileRef = 0FCBDEED1F9E6EDB0059DB83 /* NestedA11yElements.storyboard */; };
		0F5E4FB71F9E85290054CB04 /* SpeakableText.storyboard in Resources */ = {isa = PBXBuildFile; fileRef = 0FCBDF011F9E6EDD0059DB83 /* SpeakableText.storyboard */; };
		0F5E4FB81F9E85290054CB04 /* TouchTargetSize.storyboard in Resources */ = {isa = PBXBuildFile; fileRef = 0FCBDF041F9E6EDD0059DB83 /* TouchTargetSize.storyboard */; };
		0F5E4FB91F9E85290054CB04 /* VoiceOverNavigation.storyboard in Resources */ = {isa = PBXBuildFile; fileRef = 0FCBDEE31F9E6EDA0059DB83 /* VoiceOverNavigation.storyboard */; };
		0F5E4FBA1F9E857D0054CB04 /* A11yStepper.swift in Sources */ = {isa = PBXBuildFile; fileRef = 0FCBDEEA1F9E6EDB0059DB83 /* A11yStepper.swift */; };
		0F5E4FD41F9E86D20054CB04 /* Media.xcassets in Resources */ = {isa = PBXBuildFile; fileRef = 0F5E4FD31F9E86D20054CB04 /* Media.xcassets */; };
		0F69FB951FA9AD2F00A07BA4 /* SimpleTest.swift in Sources */ = {isa = PBXBuildFile; fileRef = 0F69FB941FA9AD2F00A07BA4 /* SimpleTest.swift */; };
		0F69FB971FA9AD3C00A07BA4 /* CustomRules.swift in Sources */ = {isa = PBXBuildFile; fileRef = 0F69FB961FA9AD3C00A07BA4 /* CustomRules.swift */; };
		0F69FB991FA9AD6600A07BA4 /* IgnoreViolations.swift in Sources */ = {isa = PBXBuildFile; fileRef = 0F69FB981FA9AD6600A07BA4 /* IgnoreViolations.swift */; };
		0F69FB9B1FA9AD7B00A07BA4 /* DemoTests.swift in Sources */ = {isa = PBXBuildFile; fileRef = 0F69FB9A1FA9AD7B00A07BA4 /* DemoTests.swift */; };
		0FCBDEAD1F9E6C350059DB83 /* AttestiOSAppUITests.swift in Sources */ = {isa = PBXBuildFile; fileRef = 0FCBDEAC1F9E6C350059DB83 /* AttestiOSAppUITests.swift */; };
		0FCBDECA1F9E6EA80059DB83 /* AppDelegate.swift in Sources */ = {isa = PBXBuildFile; fileRef = 0FCBDEBD1F9E6EA70059DB83 /* AppDelegate.swift */; };
		0FCBDECB1F9E6EA80059DB83 /* Constants.swift in Sources */ = {isa = PBXBuildFile; fileRef = 0FCBDEBE1F9E6EA70059DB83 /* Constants.swift */; };
		0FCBDECC1F9E6EA80059DB83 /* MenuViewController.swift in Sources */ = {isa = PBXBuildFile; fileRef = 0FCBDEC01F9E6EA70059DB83 /* MenuViewController.swift */; };
		0FCBDECF1F9E6EA80059DB83 /* MainViewController.swift in Sources */ = {isa = PBXBuildFile; fileRef = 0FCBDEC61F9E6EA80059DB83 /* MainViewController.swift */; };
		0FCBDF061F9E6EDD0059DB83 /* BorderedView.swift in Sources */ = {isa = PBXBuildFile; fileRef = 0FCBDEE81F9E6EDB0059DB83 /* BorderedView.swift */; };
		B4A029701FAA3E0D0057D4C2 /* Constants.swift in Sources */ = {isa = PBXBuildFile; fileRef = 0FCBDEBE1F9E6EA70059DB83 /* Constants.swift */; };
		EE5BB7E21FBC887800486581 /* VoiceOverNavigation.swift in Sources */ = {isa = PBXBuildFile; fileRef = EE5BB7DC1FBC887800486581 /* VoiceOverNavigation.swift */; };
		EE5BB7E31FBC887800486581 /* ElementInFocusBox.swift in Sources */ = {isa = PBXBuildFile; fileRef = EE5BB7DD1FBC887800486581 /* ElementInFocusBox.swift */; };
		EE5BB7E41FBC887800486581 /* InformativeFocusableControls.swift in Sources */ = {isa = PBXBuildFile; fileRef = EE5BB7DE1FBC887800486581 /* InformativeFocusableControls.swift */; };
		EE5BB7E51FBC887800486581 /* LabelActiveControls.swift in Sources */ = {isa = PBXBuildFile; fileRef = EE5BB7DF1FBC887800486581 /* LabelActiveControls.swift */; };
		EE5BB7E61FBC887800486581 /* LabelAssociation.swift in Sources */ = {isa = PBXBuildFile; fileRef = EE5BB7E01FBC887800486581 /* LabelAssociation.swift */; };
		EE5BB7E71FBC887800486581 /* TouchTargetSize.swift in Sources */ = {isa = PBXBuildFile; fileRef = EE5BB7E11FBC887800486581 /* TouchTargetSize.swift */; };
/* End PBXBuildFile section */

/* Begin PBXContainerItemProxy section */
		0FCBDE9E1F9E6C350059DB83 /* PBXContainerItemProxy */ = {
			isa = PBXContainerItemProxy;
			containerPortal = 0FCBDE811F9E6C350059DB83 /* Project object */;
			proxyType = 1;
			remoteGlobalIDString = 0FCBDE881F9E6C350059DB83;
			remoteInfo = AttestiOSApp;
		};
		0FCBDEA91F9E6C350059DB83 /* PBXContainerItemProxy */ = {
			isa = PBXContainerItemProxy;
			containerPortal = 0FCBDE811F9E6C350059DB83 /* Project object */;
			proxyType = 1;
			remoteGlobalIDString = 0FCBDE881F9E6C350059DB83;
			remoteInfo = AttestiOSApp;
		};
/* End PBXContainerItemProxy section */

/* Begin PBXCopyFilesBuildPhase section */
		0F4F119C1FA265E6005D6D4B /* Embed Frameworks */ = {
			isa = PBXCopyFilesBuildPhase;
			buildActionMask = 2147483647;
			dstPath = "";
			dstSubfolderSpec = 10;
			files = (
				0F4F119B1FA265E6005D6D4B /* Attest.framework in Embed Frameworks */,
			);
			name = "Embed Frameworks";
			runOnlyForDeploymentPostprocessing = 0;
		};
/* End PBXCopyFilesBuildPhase section */

/* Begin PBXFileReference section */
		0F12A7061FBB4DAD00932780 /* IgnoreRules.swift */ = {isa = PBXFileReference; lastKnownFileType = sourcecode.swift; path = IgnoreRules.swift; sourceTree = "<group>"; };
		0F4F11991FA265E6005D6D4B /* Attest.framework */ = {isa = PBXFileReference; lastKnownFileType = wrapper.framework; name = Attest.framework; path = Framework/Release/Attest.framework; sourceTree = "<group>"; };
		0F4F11A61FA2A437005D6D4B /* TypeAdjustingView.swift */ = {isa = PBXFileReference; lastKnownFileType = sourcecode.swift; path = TypeAdjustingView.swift; sourceTree = "<group>"; };
		0F5E4FD31F9E86D20054CB04 /* Media.xcassets */ = {isa = PBXFileReference; lastKnownFileType = folder.assetcatalog; path = Media.xcassets; sourceTree = "<group>"; };
		0F69FB941FA9AD2F00A07BA4 /* SimpleTest.swift */ = {isa = PBXFileReference; lastKnownFileType = sourcecode.swift; path = SimpleTest.swift; sourceTree = "<group>"; };
		0F69FB961FA9AD3C00A07BA4 /* CustomRules.swift */ = {isa = PBXFileReference; lastKnownFileType = sourcecode.swift; path = CustomRules.swift; sourceTree = "<group>"; };
		0F69FB981FA9AD6600A07BA4 /* IgnoreViolations.swift */ = {isa = PBXFileReference; lastKnownFileType = sourcecode.swift; path = IgnoreViolations.swift; sourceTree = "<group>"; };
		0F69FB9A1FA9AD7B00A07BA4 /* DemoTests.swift */ = {isa = PBXFileReference; lastKnownFileType = sourcecode.swift; path = DemoTests.swift; sourceTree = "<group>"; };
		0FCBDE891F9E6C350059DB83 /* AttestiOSApp.app */ = {isa = PBXFileReference; explicitFileType = wrapper.application; includeInIndex = 0; path = AttestiOSApp.app; sourceTree = BUILT_PRODUCTS_DIR; };
		0FCBDE981F9E6C350059DB83 /* Info.plist */ = {isa = PBXFileReference; lastKnownFileType = text.plist.xml; path = Info.plist; sourceTree = "<group>"; };
		0FCBDE9D1F9E6C350059DB83 /* AttestiOSAppTests.xctest */ = {isa = PBXFileReference; explicitFileType = wrapper.cfbundle; includeInIndex = 0; path = AttestiOSAppTests.xctest; sourceTree = BUILT_PRODUCTS_DIR; };
		0FCBDEA31F9E6C350059DB83 /* Info.plist */ = {isa = PBXFileReference; lastKnownFileType = text.plist.xml; path = Info.plist; sourceTree = "<group>"; };
		0FCBDEA81F9E6C350059DB83 /* AttestiOSAppUITests.xctest */ = {isa = PBXFileReference; explicitFileType = wrapper.cfbundle; includeInIndex = 0; path = AttestiOSAppUITests.xctest; sourceTree = BUILT_PRODUCTS_DIR; };
		0FCBDEAC1F9E6C350059DB83 /* AttestiOSAppUITests.swift */ = {isa = PBXFileReference; lastKnownFileType = sourcecode.swift; path = AttestiOSAppUITests.swift; sourceTree = "<group>"; };
		0FCBDEAE1F9E6C350059DB83 /* Info.plist */ = {isa = PBXFileReference; lastKnownFileType = text.plist.xml; path = Info.plist; sourceTree = "<group>"; };
		0FCBDEBD1F9E6EA70059DB83 /* AppDelegate.swift */ = {isa = PBXFileReference; lastKnownFileType = sourcecode.swift; path = AppDelegate.swift; sourceTree = "<group>"; };
		0FCBDEBE1F9E6EA70059DB83 /* Constants.swift */ = {isa = PBXFileReference; lastKnownFileType = sourcecode.swift; path = Constants.swift; sourceTree = "<group>"; };
		0FCBDEC01F9E6EA70059DB83 /* MenuViewController.swift */ = {isa = PBXFileReference; lastKnownFileType = sourcecode.swift; path = MenuViewController.swift; sourceTree = "<group>"; };
		0FCBDEC61F9E6EA80059DB83 /* MainViewController.swift */ = {isa = PBXFileReference; lastKnownFileType = sourcecode.swift; path = MainViewController.swift; sourceTree = "<group>"; };
		0FCBDED51F9E6ED90059DB83 /* AccessibilityHint.storyboard */ = {isa = PBXFileReference; lastKnownFileType = file.storyboard; path = AccessibilityHint.storyboard; sourceTree = "<group>"; };
		0FCBDEDC1F9E6ED90059DB83 /* ColorContrast.storyboard */ = {isa = PBXFileReference; lastKnownFileType = file.storyboard; path = ColorContrast.storyboard; sourceTree = "<group>"; };
		0FCBDEE01F9E6EDA0059DB83 /* ConflictingTraits.storyboard */ = {isa = PBXFileReference; lastKnownFileType = file.storyboard; path = ConflictingTraits.storyboard; sourceTree = "<group>"; };
		0FCBDEE31F9E6EDA0059DB83 /* VoiceOverNavigation.storyboard */ = {isa = PBXFileReference; lastKnownFileType = file.storyboard; path = VoiceOverNavigation.storyboard; sourceTree = "<group>"; };
		0FCBDEE61F9E6EDA0059DB83 /* InHighlight.storyboard */ = {isa = PBXFileReference; lastKnownFileType = file.storyboard; path = InHighlight.storyboard; sourceTree = "<group>"; };
		0FCBDEE81F9E6EDB0059DB83 /* BorderedView.swift */ = {isa = PBXFileReference; lastKnownFileType = sourcecode.swift; path = BorderedView.swift; sourceTree = "<group>"; };
		0FCBDEEA1F9E6EDB0059DB83 /* A11yStepper.swift */ = {isa = PBXFileReference; lastKnownFileType = sourcecode.swift; path = A11yStepper.swift; sourceTree = "<group>"; };
		0FCBDEED1F9E6EDB0059DB83 /* NestedA11yElements.storyboard */ = {isa = PBXFileReference; lastKnownFileType = file.storyboard; path = NestedA11yElements.storyboard; sourceTree = "<group>"; };
		0FCBDEF01F9E6EDC0059DB83 /* DynamicType.storyboard */ = {isa = PBXFileReference; lastKnownFileType = file.storyboard; path = DynamicType.storyboard; sourceTree = "<group>"; };
		0FCBDEF51F9E6EDC0059DB83 /* Overlap.storyboard */ = {isa = PBXFileReference; lastKnownFileType = file.storyboard; path = Overlap.storyboard; sourceTree = "<group>"; };
		0FCBDF011F9E6EDD0059DB83 /* SpeakableText.storyboard */ = {isa = PBXFileReference; lastKnownFileType = file.storyboard; path = SpeakableText.storyboard; sourceTree = "<group>"; };
		0FCBDF041F9E6EDD0059DB83 /* TouchTargetSize.storyboard */ = {isa = PBXFileReference; lastKnownFileType = file.storyboard; path = TouchTargetSize.storyboard; sourceTree = "<group>"; };
		0FCBDF081F9E6F120059DB83 /* Main.storyboard */ = {isa = PBXFileReference; lastKnownFileType = file.storyboard; path = Main.storyboard; sourceTree = "<group>"; };
		0FCBDF091F9E6F130059DB83 /* LaunchScreen.storyboard */ = {isa = PBXFileReference; lastKnownFileType = file.storyboard; path = LaunchScreen.storyboard; sourceTree = "<group>"; };
		EE5BB7DC1FBC887800486581 /* VoiceOverNavigation.swift */ = {isa = PBXFileReference; fileEncoding = 4; lastKnownFileType = sourcecode.swift; path = VoiceOverNavigation.swift; sourceTree = "<group>"; };
		EE5BB7DD1FBC887800486581 /* ElementInFocusBox.swift */ = {isa = PBXFileReference; fileEncoding = 4; lastKnownFileType = sourcecode.swift; path = ElementInFocusBox.swift; sourceTree = "<group>"; };
		EE5BB7DE1FBC887800486581 /* InformativeFocusableControls.swift */ = {isa = PBXFileReference; fileEncoding = 4; lastKnownFileType = sourcecode.swift; path = InformativeFocusableControls.swift; sourceTree = "<group>"; };
		EE5BB7DF1FBC887800486581 /* LabelActiveControls.swift */ = {isa = PBXFileReference; fileEncoding = 4; lastKnownFileType = sourcecode.swift; path = LabelActiveControls.swift; sourceTree = "<group>"; };
		EE5BB7E01FBC887800486581 /* LabelAssociation.swift */ = {isa = PBXFileReference; fileEncoding = 4; lastKnownFileType = sourcecode.swift; path = LabelAssociation.swift; sourceTree = "<group>"; };
		EE5BB7E11FBC887800486581 /* TouchTargetSize.swift */ = {isa = PBXFileReference; fileEncoding = 4; lastKnownFileType = sourcecode.swift; path = TouchTargetSize.swift; sourceTree = "<group>"; };
/* End PBXFileReference section */

/* Begin PBXFrameworksBuildPhase section */
		0FCBDE861F9E6C350059DB83 /* Frameworks */ = {
			isa = PBXFrameworksBuildPhase;
			buildActionMask = 2147483647;
			files = (
				0F4F119A1FA265E6005D6D4B /* Attest.framework in Frameworks */,
			);
			runOnlyForDeploymentPostprocessing = 0;
		};
		0FCBDE9A1F9E6C350059DB83 /* Frameworks */ = {
			isa = PBXFrameworksBuildPhase;
			buildActionMask = 2147483647;
			files = (
			);
			runOnlyForDeploymentPostprocessing = 0;
		};
		0FCBDEA51F9E6C350059DB83 /* Frameworks */ = {
			isa = PBXFrameworksBuildPhase;
			buildActionMask = 2147483647;
			files = (
			);
			runOnlyForDeploymentPostprocessing = 0;
		};
/* End PBXFrameworksBuildPhase section */

/* Begin PBXGroup section */
		0FB881B31FA8E2F00024E479 /* Views */ = {
			isa = PBXGroup;
			children = (
				0F4F11A61FA2A437005D6D4B /* TypeAdjustingView.swift */,
				0FCBDEEA1F9E6EDB0059DB83 /* A11yStepper.swift */,
				0FCBDEE81F9E6EDB0059DB83 /* BorderedView.swift */,
			);
			path = Views;
			sourceTree = "<group>";
		};
		0FB881B41FA8E48B0024E479 /* ViewControllers */ = {
			isa = PBXGroup;
			children = (
				EE5BB7DD1FBC887800486581 /* ElementInFocusBox.swift */,
				EE5BB7DE1FBC887800486581 /* InformativeFocusableControls.swift */,
				EE5BB7DF1FBC887800486581 /* LabelActiveControls.swift */,
				EE5BB7E01FBC887800486581 /* LabelAssociation.swift */,
				EE5BB7E11FBC887800486581 /* TouchTargetSize.swift */,
				EE5BB7DC1FBC887800486581 /* VoiceOverNavigation.swift */,
			);
			path = ViewControllers;
			sourceTree = "<group>";
		};
		0FB881B51FA8E4F70024E479 /* StoryBoards */ = {
			isa = PBXGroup;
			children = (
				0FCBDED51F9E6ED90059DB83 /* AccessibilityHint.storyboard */,
				0FCBDF091F9E6F130059DB83 /* LaunchScreen.storyboard */,
				0FCBDF081F9E6F120059DB83 /* Main.storyboard */,
				0FCBDEE01F9E6EDA0059DB83 /* ConflictingTraits.storyboard */,
				0FCBDEF51F9E6EDC0059DB83 /* Overlap.storyboard */,
				0FCBDEDC1F9E6ED90059DB83 /* ColorContrast.storyboard */,
				0FCBDEF01F9E6EDC0059DB83 /* DynamicType.storyboard */,
				0FCBDEE61F9E6EDA0059DB83 /* InHighlight.storyboard */,
				0FCBDEED1F9E6EDB0059DB83 /* NestedA11yElements.storyboard */,
				0FCBDF011F9E6EDD0059DB83 /* SpeakableText.storyboard */,
				0FCBDF041F9E6EDD0059DB83 /* TouchTargetSize.storyboard */,
				0FCBDEE31F9E6EDA0059DB83 /* VoiceOverNavigation.storyboard */,
			);
			path = StoryBoards;
			sourceTree = "<group>";
		};
		0FCBDE801F9E6C350059DB83 = {
			isa = PBXGroup;
			children = (
				0F4F11991FA265E6005D6D4B /* Attest.framework */,
				0FCBDE8B1F9E6C350059DB83 /* AttestiOSApp */,
				0FCBDEA01F9E6C350059DB83 /* AttestiOSAppTests */,
				0FCBDEAB1F9E6C350059DB83 /* AttestiOSAppUITests */,
				0FCBDE8A1F9E6C350059DB83 /* Products */,
			);
			sourceTree = "<group>";
		};
		0FCBDE8A1F9E6C350059DB83 /* Products */ = {
			isa = PBXGroup;
			children = (
				0FCBDE891F9E6C350059DB83 /* AttestiOSApp.app */,
				0FCBDE9D1F9E6C350059DB83 /* AttestiOSAppTests.xctest */,
				0FCBDEA81F9E6C350059DB83 /* AttestiOSAppUITests.xctest */,
			);
			name = Products;
			sourceTree = "<group>";
		};
		0FCBDE8B1F9E6C350059DB83 /* AttestiOSApp */ = {
			isa = PBXGroup;
			children = (
				0FCBDE981F9E6C350059DB83 /* Info.plist */,
				0FCBDEBD1F9E6EA70059DB83 /* AppDelegate.swift */,
				0FCBDEBE1F9E6EA70059DB83 /* Constants.swift */,
				0FCBDEC61F9E6EA80059DB83 /* MainViewController.swift */,
				0FCBDEC01F9E6EA70059DB83 /* MenuViewController.swift */,
				0FB881B51FA8E4F70024E479 /* StoryBoards */,
				0FB881B41FA8E48B0024E479 /* ViewControllers */,
				0FB881B31FA8E2F00024E479 /* Views */,
				0F5E4FD31F9E86D20054CB04 /* Media.xcassets */,
			);
			path = AttestiOSApp;
			sourceTree = "<group>";
		};
		0FCBDEA01F9E6C350059DB83 /* AttestiOSAppTests */ = {
			isa = PBXGroup;
			children = (
				0FCBDEA31F9E6C350059DB83 /* Info.plist */,
				0F69FB941FA9AD2F00A07BA4 /* SimpleTest.swift */,
				0F69FB961FA9AD3C00A07BA4 /* CustomRules.swift */,
				0F12A7061FBB4DAD00932780 /* IgnoreRules.swift */,
				0F69FB981FA9AD6600A07BA4 /* IgnoreViolations.swift */,
				0F69FB9A1FA9AD7B00A07BA4 /* DemoTests.swift */,
			);
			path = AttestiOSAppTests;
			sourceTree = "<group>";
		};
		0FCBDEAB1F9E6C350059DB83 /* AttestiOSAppUITests */ = {
			isa = PBXGroup;
			children = (
				0FCBDEAC1F9E6C350059DB83 /* AttestiOSAppUITests.swift */,
				0FCBDEAE1F9E6C350059DB83 /* Info.plist */,
			);
			path = AttestiOSAppUITests;
			sourceTree = "<group>";
		};
/* End PBXGroup section */

/* Begin PBXNativeTarget section */
		0FCBDE881F9E6C350059DB83 /* AttestiOSApp */ = {
			isa = PBXNativeTarget;
			buildConfigurationList = 0FCBDEB11F9E6C350059DB83 /* Build configuration list for PBXNativeTarget "AttestiOSApp" */;
			buildPhases = (
				0F4249F51FB0BBF400B8CCD7 /* Build Attest Library */,
				0FCBDE851F9E6C350059DB83 /* Sources */,
				0FCBDE861F9E6C350059DB83 /* Frameworks */,
				0FCBDE871F9E6C350059DB83 /* Resources */,
				0F4F119C1FA265E6005D6D4B /* Embed Frameworks */,
			);
			buildRules = (
			);
			dependencies = (
			);
			name = AttestiOSApp;
			productName = AttestiOSApp;
			productReference = 0FCBDE891F9E6C350059DB83 /* AttestiOSApp.app */;
			productType = "com.apple.product-type.application";
		};
		0FCBDE9C1F9E6C350059DB83 /* AttestiOSAppTests */ = {
			isa = PBXNativeTarget;
			buildConfigurationList = 0FCBDEB41F9E6C350059DB83 /* Build configuration list for PBXNativeTarget "AttestiOSAppTests" */;
			buildPhases = (
				0F4249F61FB0C87100B8CCD7 /* Open Accessibility Inspector */,
				0FCBDE991F9E6C350059DB83 /* Sources */,
				0FCBDE9A1F9E6C350059DB83 /* Frameworks */,
				0FCBDE9B1F9E6C350059DB83 /* Resources */,
			);
			buildRules = (
			);
			dependencies = (
				0FCBDE9F1F9E6C350059DB83 /* PBXTargetDependency */,
			);
			name = AttestiOSAppTests;
			productName = AttestiOSAppTests;
			productReference = 0FCBDE9D1F9E6C350059DB83 /* AttestiOSAppTests.xctest */;
			productType = "com.apple.product-type.bundle.unit-test";
		};
		0FCBDEA71F9E6C350059DB83 /* AttestiOSAppUITests */ = {
			isa = PBXNativeTarget;
			buildConfigurationList = 0FCBDEB71F9E6C350059DB83 /* Build configuration list for PBXNativeTarget "AttestiOSAppUITests" */;
			buildPhases = (
				0FCBDEA41F9E6C350059DB83 /* Sources */,
				0FCBDEA51F9E6C350059DB83 /* Frameworks */,
				0FCBDEA61F9E6C350059DB83 /* Resources */,
			);
			buildRules = (
			);
			dependencies = (
				0FCBDEAA1F9E6C350059DB83 /* PBXTargetDependency */,
			);
			name = AttestiOSAppUITests;
			productName = AttestiOSAppUITests;
			productReference = 0FCBDEA81F9E6C350059DB83 /* AttestiOSAppUITests.xctest */;
			productType = "com.apple.product-type.bundle.ui-testing";
		};
/* End PBXNativeTarget section */

/* Begin PBXProject section */
		0FCBDE811F9E6C350059DB83 /* Project object */ = {
			isa = PBXProject;
			attributes = {
				LastSwiftUpdateCheck = 0900;
				LastUpgradeCheck = 0900;
				ORGANIZATIONNAME = "Deque Systems Inc.";
				TargetAttributes = {
					0FCBDE881F9E6C350059DB83 = {
						CreatedOnToolsVersion = 9.0;
						ProvisioningStyle = Automatic;
					};
					0FCBDE9C1F9E6C350059DB83 = {
						CreatedOnToolsVersion = 9.0;
						ProvisioningStyle = Automatic;
						TestTargetID = 0FCBDE881F9E6C350059DB83;
					};
					0FCBDEA71F9E6C350059DB83 = {
						CreatedOnToolsVersion = 9.0;
						ProvisioningStyle = Automatic;
						TestTargetID = 0FCBDE881F9E6C350059DB83;
					};
				};
			};
			buildConfigurationList = 0FCBDE841F9E6C350059DB83 /* Build configuration list for PBXProject "AttestiOSApp" */;
			compatibilityVersion = "Xcode 8.0";
			developmentRegion = en;
			hasScannedForEncodings = 0;
			knownRegions = (
				en,
				Base,
			);
			mainGroup = 0FCBDE801F9E6C350059DB83;
			productRefGroup = 0FCBDE8A1F9E6C350059DB83 /* Products */;
			projectDirPath = "";
			projectRoot = "";
			targets = (
				0FCBDE881F9E6C350059DB83 /* AttestiOSApp */,
				0FCBDE9C1F9E6C350059DB83 /* AttestiOSAppTests */,
				0FCBDEA71F9E6C350059DB83 /* AttestiOSAppUITests */,
			);
		};
/* End PBXProject section */

/* Begin PBXResourcesBuildPhase section */
		0FCBDE871F9E6C350059DB83 /* Resources */ = {
			isa = PBXResourcesBuildPhase;
			buildActionMask = 2147483647;
			files = (
				0F5E4FAF1F9E85290054CB04 /* LaunchScreen.storyboard in Resources */,
				0F5E4FB01F9E85290054CB04 /* AccessibilityHint.storyboard in Resources */,
				0F5E4FD41F9E86D20054CB04 /* Media.xcassets in Resources */,
				0F5E4FB11F9E85290054CB04 /* ColorContrast.storyboard in Resources */,
				0F5E4FB21F9E85290054CB04 /* ConflictingTraits.storyboard in Resources */,
				0F5E4FB31F9E85290054CB04 /* Overlap.storyboard in Resources */,
				0F5E4FB41F9E85290054CB04 /* DynamicType.storyboard in Resources */,
				0F5E4FB51F9E85290054CB04 /* InHighlight.storyboard in Resources */,
				0F5E4FB61F9E85290054CB04 /* NestedA11yElements.storyboard in Resources */,
				0F5E4FB71F9E85290054CB04 /* SpeakableText.storyboard in Resources */,
				0F5E4FB81F9E85290054CB04 /* TouchTargetSize.storyboard in Resources */,
				0F5E4FB91F9E85290054CB04 /* VoiceOverNavigation.storyboard in Resources */,
				0F5E4FAE1F9E84EB0054CB04 /* Main.storyboard in Resources */,
			);
			runOnlyForDeploymentPostprocessing = 0;
		};
		0FCBDE9B1F9E6C350059DB83 /* Resources */ = {
			isa = PBXResourcesBuildPhase;
			buildActionMask = 2147483647;
			files = (
			);
			runOnlyForDeploymentPostprocessing = 0;
		};
		0FCBDEA61F9E6C350059DB83 /* Resources */ = {
			isa = PBXResourcesBuildPhase;
			buildActionMask = 2147483647;
			files = (
			);
			runOnlyForDeploymentPostprocessing = 0;
		};
/* End PBXResourcesBuildPhase section */

/* Begin PBXShellScriptBuildPhase section */
		0F4249F51FB0BBF400B8CCD7 /* Build Attest Library */ = {
			isa = PBXShellScriptBuildPhase;
			buildActionMask = 2147483647;
			files = (
			);
			inputPaths = (
			);
			name = "Build Attest Library";
			outputPaths = (
			);
			runOnlyForDeploymentPostprocessing = 0;
			shellPath = /bin/sh;
			shellScript = "\n\nif [ -d \"../AttestIOS.xcodeproj\" ]; then\n    #If the direcotry is there build the framework from Attest IOS project.\n    pushd ..\n    sh ./Scripts/build.sh\nelse\n    #If the directory isn't there fetch the framework from Agora.\n    rm -rf Framework\n    sh ./Scripts/CurlFramework.sh\nfi\n\n";
		};
		0F4249F61FB0C87100B8CCD7 /* Open Accessibility Inspector */ = {
			isa = PBXShellScriptBuildPhase;
			buildActionMask = 2147483647;
			files = (
			);
			inputPaths = (
			);
			name = "Open Accessibility Inspector";
			outputPaths = (
			);
			runOnlyForDeploymentPostprocessing = 0;
			shellPath = /bin/sh;
			shellScript = "open /Applications/Xcode.app/Contents/Applications/Accessibility\\ Inspector.app/";
		};
/* End PBXShellScriptBuildPhase section */

/* Begin PBXSourcesBuildPhase section */
		0FCBDE851F9E6C350059DB83 /* Sources */ = {
			isa = PBXSourcesBuildPhase;
			buildActionMask = 2147483647;
			files = (
				EE5BB7E51FBC887800486581 /* LabelActiveControls.swift in Sources */,
				0F5E4FBA1F9E857D0054CB04 /* A11yStepper.swift in Sources */,
				0F4F11A71FA2A437005D6D4B /* TypeAdjustingView.swift in Sources */,
				EE5BB7E71FBC887800486581 /* TouchTargetSize.swift in Sources */,
				0FCBDECA1F9E6EA80059DB83 /* AppDelegate.swift in Sources */,
				0FCBDECF1F9E6EA80059DB83 /* MainViewController.swift in Sources */,
				0FCBDECC1F9E6EA80059DB83 /* MenuViewController.swift in Sources */,
				EE5BB7E41FBC887800486581 /* InformativeFocusableControls.swift in Sources */,
				EE5BB7E31FBC887800486581 /* ElementInFocusBox.swift in Sources */,
				0FCBDF061F9E6EDD0059DB83 /* BorderedView.swift in Sources */,
				0FCBDECB1F9E6EA80059DB83 /* Constants.swift in Sources */,
				EE5BB7E61FBC887800486581 /* LabelAssociation.swift in Sources */,
				EE5BB7E21FBC887800486581 /* VoiceOverNavigation.swift in Sources */,
			);
			runOnlyForDeploymentPostprocessing = 0;
		};
		0FCBDE991F9E6C350059DB83 /* Sources */ = {
			isa = PBXSourcesBuildPhase;
			buildActionMask = 2147483647;
			files = (
				B4A029701FAA3E0D0057D4C2 /* Constants.swift in Sources */,
				0F69FB991FA9AD6600A07BA4 /* IgnoreViolations.swift in Sources */,
				0F69FB951FA9AD2F00A07BA4 /* SimpleTest.swift in Sources */,
				0F12A7071FBB4DAD00932780 /* IgnoreRules.swift in Sources */,
				0F69FB9B1FA9AD7B00A07BA4 /* DemoTests.swift in Sources */,
				0F69FB971FA9AD3C00A07BA4 /* CustomRules.swift in Sources */,
			);
			runOnlyForDeploymentPostprocessing = 0;
		};
		0FCBDEA41F9E6C350059DB83 /* Sources */ = {
			isa = PBXSourcesBuildPhase;
			buildActionMask = 2147483647;
			files = (
				0FCBDEAD1F9E6C350059DB83 /* AttestiOSAppUITests.swift in Sources */,
			);
			runOnlyForDeploymentPostprocessing = 0;
		};
/* End PBXSourcesBuildPhase section */

/* Begin PBXTargetDependency section */
		0FCBDE9F1F9E6C350059DB83 /* PBXTargetDependency */ = {
			isa = PBXTargetDependency;
			target = 0FCBDE881F9E6C350059DB83 /* AttestiOSApp */;
			targetProxy = 0FCBDE9E1F9E6C350059DB83 /* PBXContainerItemProxy */;
		};
		0FCBDEAA1F9E6C350059DB83 /* PBXTargetDependency */ = {
			isa = PBXTargetDependency;
			target = 0FCBDE881F9E6C350059DB83 /* AttestiOSApp */;
			targetProxy = 0FCBDEA91F9E6C350059DB83 /* PBXContainerItemProxy */;
		};
/* End PBXTargetDependency section */

/* Begin XCBuildConfiguration section */
		0FCBDEAF1F9E6C350059DB83 /* Debug */ = {
			isa = XCBuildConfiguration;
			buildSettings = {
				ALWAYS_SEARCH_USER_PATHS = NO;
				CLANG_ANALYZER_NONNULL = YES;
				CLANG_ANALYZER_NUMBER_OBJECT_CONVERSION = YES_AGGRESSIVE;
				CLANG_CXX_LANGUAGE_STANDARD = "gnu++14";
				CLANG_CXX_LIBRARY = "libc++";
				CLANG_ENABLE_MODULES = YES;
				CLANG_ENABLE_OBJC_ARC = YES;
				CLANG_WARN_BLOCK_CAPTURE_AUTORELEASING = YES;
				CLANG_WARN_BOOL_CONVERSION = YES;
				CLANG_WARN_COMMA = YES;
				CLANG_WARN_CONSTANT_CONVERSION = YES;
				CLANG_WARN_DIRECT_OBJC_ISA_USAGE = YES_ERROR;
				CLANG_WARN_DOCUMENTATION_COMMENTS = YES;
				CLANG_WARN_EMPTY_BODY = YES;
				CLANG_WARN_ENUM_CONVERSION = YES;
				CLANG_WARN_INFINITE_RECURSION = YES;
				CLANG_WARN_INT_CONVERSION = YES;
				CLANG_WARN_NON_LITERAL_NULL_CONVERSION = YES;
				CLANG_WARN_OBJC_LITERAL_CONVERSION = YES;
				CLANG_WARN_OBJC_ROOT_CLASS = YES_ERROR;
				CLANG_WARN_RANGE_LOOP_ANALYSIS = YES;
				CLANG_WARN_STRICT_PROTOTYPES = YES;
				CLANG_WARN_SUSPICIOUS_MOVE = YES;
				CLANG_WARN_UNGUARDED_AVAILABILITY = YES_AGGRESSIVE;
				CLANG_WARN_UNREACHABLE_CODE = YES;
				CLANG_WARN__DUPLICATE_METHOD_MATCH = YES;
				CODE_SIGN_IDENTITY = "iPhone Developer";
				COPY_PHASE_STRIP = NO;
				DEBUG_INFORMATION_FORMAT = dwarf;
				ENABLE_STRICT_OBJC_MSGSEND = YES;
				ENABLE_TESTABILITY = YES;
				FRAMEWORK_SEARCH_PATHS = $PROJECT_DIR/Framework/Release;
				GCC_C_LANGUAGE_STANDARD = gnu11;
				GCC_DYNAMIC_NO_PIC = NO;
				GCC_NO_COMMON_BLOCKS = YES;
				GCC_OPTIMIZATION_LEVEL = 0;
				GCC_PREPROCESSOR_DEFINITIONS = (
					"DEBUG=1",
					"$(inherited)",
				);
				GCC_WARN_64_TO_32_BIT_CONVERSION = YES;
				GCC_WARN_ABOUT_RETURN_TYPE = YES_ERROR;
				GCC_WARN_UNDECLARED_SELECTOR = YES;
				GCC_WARN_UNINITIALIZED_AUTOS = YES_AGGRESSIVE;
				GCC_WARN_UNUSED_FUNCTION = YES;
				GCC_WARN_UNUSED_VARIABLE = YES;
				IPHONEOS_DEPLOYMENT_TARGET = 11.0;
				MTL_ENABLE_DEBUG_INFO = YES;
				ONLY_ACTIVE_ARCH = YES;
				SDKROOT = iphoneos;
				SWIFT_ACTIVE_COMPILATION_CONDITIONS = DEBUG;
				SWIFT_OPTIMIZATION_LEVEL = "-Onone";
				SWIFT_VERSION = 4.0;
			};
			name = Debug;
		};
		0FCBDEB01F9E6C350059DB83 /* Release */ = {
			isa = XCBuildConfiguration;
			buildSettings = {
				ALWAYS_SEARCH_USER_PATHS = NO;
				CLANG_ANALYZER_NONNULL = YES;
				CLANG_ANALYZER_NUMBER_OBJECT_CONVERSION = YES_AGGRESSIVE;
				CLANG_CXX_LANGUAGE_STANDARD = "gnu++14";
				CLANG_CXX_LIBRARY = "libc++";
				CLANG_ENABLE_MODULES = YES;
				CLANG_ENABLE_OBJC_ARC = YES;
				CLANG_WARN_BLOCK_CAPTURE_AUTORELEASING = YES;
				CLANG_WARN_BOOL_CONVERSION = YES;
				CLANG_WARN_COMMA = YES;
				CLANG_WARN_CONSTANT_CONVERSION = YES;
				CLANG_WARN_DIRECT_OBJC_ISA_USAGE = YES_ERROR;
				CLANG_WARN_DOCUMENTATION_COMMENTS = YES;
				CLANG_WARN_EMPTY_BODY = YES;
				CLANG_WARN_ENUM_CONVERSION = YES;
				CLANG_WARN_INFINITE_RECURSION = YES;
				CLANG_WARN_INT_CONVERSION = YES;
				CLANG_WARN_NON_LITERAL_NULL_CONVERSION = YES;
				CLANG_WARN_OBJC_LITERAL_CONVERSION = YES;
				CLANG_WARN_OBJC_ROOT_CLASS = YES_ERROR;
				CLANG_WARN_RANGE_LOOP_ANALYSIS = YES;
				CLANG_WARN_STRICT_PROTOTYPES = YES;
				CLANG_WARN_SUSPICIOUS_MOVE = YES;
				CLANG_WARN_UNGUARDED_AVAILABILITY = YES_AGGRESSIVE;
				CLANG_WARN_UNREACHABLE_CODE = YES;
				CLANG_WARN__DUPLICATE_METHOD_MATCH = YES;
				CODE_SIGN_IDENTITY = "iPhone Developer";
				COPY_PHASE_STRIP = NO;
				DEBUG_INFORMATION_FORMAT = "dwarf-with-dsym";
				ENABLE_NS_ASSERTIONS = NO;
				ENABLE_STRICT_OBJC_MSGSEND = YES;
				FRAMEWORK_SEARCH_PATHS = $PROJECT_DIR/Framework/Release;
				GCC_C_LANGUAGE_STANDARD = gnu11;
				GCC_NO_COMMON_BLOCKS = YES;
				GCC_WARN_64_TO_32_BIT_CONVERSION = YES;
				GCC_WARN_ABOUT_RETURN_TYPE = YES_ERROR;
				GCC_WARN_UNDECLARED_SELECTOR = YES;
				GCC_WARN_UNINITIALIZED_AUTOS = YES_AGGRESSIVE;
				GCC_WARN_UNUSED_FUNCTION = YES;
				GCC_WARN_UNUSED_VARIABLE = YES;
				IPHONEOS_DEPLOYMENT_TARGET = 11.0;
				MTL_ENABLE_DEBUG_INFO = NO;
				SDKROOT = iphoneos;
				SWIFT_OPTIMIZATION_LEVEL = "-Owholemodule";
				SWIFT_VERSION = 4.0;
				VALIDATE_PRODUCT = YES;
			};
			name = Release;
		};
		0FCBDEB21F9E6C350059DB83 /* Debug */ = {
			isa = XCBuildConfiguration;
			buildSettings = {
				ASSETCATALOG_COMPILER_APPICON_NAME = AppIcon;
				"CODE_SIGN_IDENTITY[sdk=iphoneos*]" = "iPhone Developer";
				CODE_SIGN_STYLE = Automatic;
				DEVELOPMENT_TEAM = 2ZZQGXN669;
				FRAMEWORK_SEARCH_PATHS = "$(PROJECT_DIR)/Framework/Release";
				INFOPLIST_FILE = AttestiOSApp/Info.plist;
				LD_RUNPATH_SEARCH_PATHS = "$(inherited) @executable_path/Frameworks";
				PRODUCT_BUNDLE_IDENTIFIER = com.deque.AttestiOSApp;
				PRODUCT_NAME = "$(TARGET_NAME)";
				PROVISIONING_PROFILE_SPECIFIER = "";
				SWIFT_VERSION = 4.0;
				TARGETED_DEVICE_FAMILY = "1,2";
			};
			name = Debug;
		};
		0FCBDEB31F9E6C350059DB83 /* Release */ = {
			isa = XCBuildConfiguration;
			buildSettings = {
				ASSETCATALOG_COMPILER_APPICON_NAME = AppIcon;
				"CODE_SIGN_IDENTITY[sdk=iphoneos*]" = "iPhone Developer";
				CODE_SIGN_STYLE = Automatic;
				DEVELOPMENT_TEAM = 2ZZQGXN669;
				FRAMEWORK_SEARCH_PATHS = "$(PROJECT_DIR)/Framework/Release";
				INFOPLIST_FILE = AttestiOSApp/Info.plist;
				LD_RUNPATH_SEARCH_PATHS = "$(inherited) @executable_path/Frameworks";
				PRODUCT_BUNDLE_IDENTIFIER = com.deque.AttestiOSApp;
				PRODUCT_NAME = "$(TARGET_NAME)";
				PROVISIONING_PROFILE_SPECIFIER = "";
				SWIFT_VERSION = 4.0;
				TARGETED_DEVICE_FAMILY = "1,2";
			};
			name = Release;
		};
		0FCBDEB51F9E6C350059DB83 /* Debug */ = {
			isa = XCBuildConfiguration;
			buildSettings = {
				ALWAYS_EMBED_SWIFT_STANDARD_LIBRARIES = YES;
				BUNDLE_LOADER = "$(TEST_HOST)";
				CODE_SIGN_STYLE = Automatic;
				DEVELOPMENT_TEAM = 2ZZQGXN669;
				FRAMEWORK_SEARCH_PATHS = "$(inherited)";
				INFOPLIST_FILE = AttestiOSAppTests/Info.plist;
				LD_RUNPATH_SEARCH_PATHS = "$(inherited) @executable_path/Frameworks @loader_path/Frameworks";
				PRODUCT_BUNDLE_IDENTIFIER = com.deque.AttestiOSAppTests;
				PRODUCT_NAME = "$(TARGET_NAME)";
				SWIFT_VERSION = 4.0;
				TARGETED_DEVICE_FAMILY = "1,2";
				TEST_HOST = "$(BUILT_PRODUCTS_DIR)/AttestiOSApp.app/AttestiOSApp";
			};
			name = Debug;
		};
		0FCBDEB61F9E6C350059DB83 /* Release */ = {
			isa = XCBuildConfiguration;
			buildSettings = {
				ALWAYS_EMBED_SWIFT_STANDARD_LIBRARIES = YES;
				BUNDLE_LOADER = "$(TEST_HOST)";
				CODE_SIGN_STYLE = Automatic;
				DEVELOPMENT_TEAM = 2ZZQGXN669;
				FRAMEWORK_SEARCH_PATHS = "$(inherited)";
				INFOPLIST_FILE = AttestiOSAppTests/Info.plist;
				LD_RUNPATH_SEARCH_PATHS = "$(inherited) @executable_path/Frameworks @loader_path/Frameworks";
				PRODUCT_BUNDLE_IDENTIFIER = com.deque.AttestiOSAppTests;
				PRODUCT_NAME = "$(TARGET_NAME)";
				SWIFT_VERSION = 4.0;
				TARGETED_DEVICE_FAMILY = "1,2";
				TEST_HOST = "$(BUILT_PRODUCTS_DIR)/AttestiOSApp.app/AttestiOSApp";
			};
			name = Release;
		};
		0FCBDEB81F9E6C350059DB83 /* Debug */ = {
			isa = XCBuildConfiguration;
			buildSettings = {
				ALWAYS_EMBED_SWIFT_STANDARD_LIBRARIES = YES;
				CODE_SIGN_STYLE = Automatic;
				DEVELOPMENT_TEAM = 2ZZQGXN669;
				FRAMEWORK_SEARCH_PATHS = (
					"$(inherited)",
					"$(PROJECT_DIR)",
				);
				INFOPLIST_FILE = AttestiOSAppUITests/Info.plist;
				LD_RUNPATH_SEARCH_PATHS = "$(inherited) @executable_path/Frameworks @loader_path/Frameworks";
				PRODUCT_BUNDLE_IDENTIFIER = com.deque.AttestiOSAppUITests;
				PRODUCT_NAME = "$(TARGET_NAME)";
				SWIFT_VERSION = 4.0;
				TARGETED_DEVICE_FAMILY = "1,2";
				TEST_TARGET_NAME = AttestiOSApp;
			};
			name = Debug;
		};
		0FCBDEB91F9E6C350059DB83 /* Release */ = {
			isa = XCBuildConfiguration;
			buildSettings = {
				ALWAYS_EMBED_SWIFT_STANDARD_LIBRARIES = YES;
				CODE_SIGN_STYLE = Automatic;
				DEVELOPMENT_TEAM = 2ZZQGXN669;
				FRAMEWORK_SEARCH_PATHS = (
					"$(inherited)",
					"$(PROJECT_DIR)",
				);
				INFOPLIST_FILE = AttestiOSAppUITests/Info.plist;
				LD_RUNPATH_SEARCH_PATHS = "$(inherited) @executable_path/Frameworks @loader_path/Frameworks";
				PRODUCT_BUNDLE_IDENTIFIER = com.deque.AttestiOSAppUITests;
				PRODUCT_NAME = "$(TARGET_NAME)";
				SWIFT_VERSION = 4.0;
				TARGETED_DEVICE_FAMILY = "1,2";
				TEST_TARGET_NAME = AttestiOSApp;
			};
			name = Release;
		};
/* End XCBuildConfiguration section */

/* Begin XCConfigurationList section */
		0FCBDE841F9E6C350059DB83 /* Build configuration list for PBXProject "AttestiOSApp" */ = {
			isa = XCConfigurationList;
			buildConfigurations = (
				0FCBDEAF1F9E6C350059DB83 /* Debug */,
				0FCBDEB01F9E6C350059DB83 /* Release */,
			);
			defaultConfigurationIsVisible = 0;
			defaultConfigurationName = Release;
		};
		0FCBDEB11F9E6C350059DB83 /* Build configuration list for PBXNativeTarget "AttestiOSApp" */ = {
			isa = XCConfigurationList;
			buildConfigurations = (
				0FCBDEB21F9E6C350059DB83 /* Debug */,
				0FCBDEB31F9E6C350059DB83 /* Release */,
			);
			defaultConfigurationIsVisible = 0;
			defaultConfigurationName = Release;
		};
		0FCBDEB41F9E6C350059DB83 /* Build configuration list for PBXNativeTarget "AttestiOSAppTests" */ = {
			isa = XCConfigurationList;
			buildConfigurations = (
				0FCBDEB51F9E6C350059DB83 /* Debug */,
				0FCBDEB61F9E6C350059DB83 /* Release */,
			);
			defaultConfigurationIsVisible = 0;
			defaultConfigurationName = Release;
		};
		0FCBDEB71F9E6C350059DB83 /* Build configuration list for PBXNativeTarget "AttestiOSAppUITests" */ = {
			isa = XCConfigurationList;
			buildConfigurations = (
				0FCBDEB81F9E6C350059DB83 /* Debug */,
				0FCBDEB91F9E6C350059DB83 /* Release */,
			);
			defaultConfigurationIsVisible = 0;
			defaultConfigurationName = Release;
		};
/* End XCConfigurationList section */
	};
	rootObject = 0FCBDE811F9E6C350059DB83 /* Project object */;
}
